github.com/liujianping/foo v1.0.1 h1:AcR/T4r3iLEDiuGtDhPevYhqCWgaExJrDxFCSIRdW+k=
github.com/liujianping/foo v1.0.1/go.mod h1:HKRu+NgbfULQV4mqZOnCXpF9IwlhOOIwmns7gpwjZic=
golang.org/x/crypto v0.16.0 h1:mMMrFzRSCF0GvB7Ne27XVtVAaXLrPmgPC7/v0tkwHaY=
golang.org/x/crypto v0.16.0/go.mod h1:gCAAfMLgwOJRpTjQ2zCCt2OcSfYMTeZVSRtQlPC7Nq4=
